{
  "requires": true,
  "lockfileVersion": 1,
  "dependencies": {
    "@formatjs/ecma402-abstract": {
      "version": "1.4.0",
      "resolved": "https://packages.atlassian.com/api/npm/npm-remote/@formatjs/ecma402-abstract/-/ecma402-abstract-1.4.0.tgz",
      "integrity": "sha1-rGwXqP/6xDxtaMhJp7cyYm0yZUw=",
      "requires": {
        "tslib": "^2.0.1"
      }
    },
    "@formatjs/intl-numberformat": {
      "version": "5.7.6",
      "resolved": "https://packages.atlassian.com/api/npm/npm-remote/@formatjs/intl-numberformat/-/intl-numberformat-5.7.6.tgz",
      "integrity": "sha1-YwIGuwrO/S1QjM9PgjZ8aHXK1hE=",
      "requires": {
        "@formatjs/ecma402-abstract": "1.4.0",
        "tslib": "^2.0.1"
      }
    },
    "argparse": {
      "version": "1.0.10",
      "resolved": "https://registry.npmjs.org/argparse/-/argparse-1.0.10.tgz",
      "integrity": "sha512-o5Roy6tNG4SL/FOkCAN6RzjiakZS25RLYFrcMttJqbdd8BWrnA+fGz57iN5Pb06pvBGvl5gQ0B48dJlslXvoTg==",
      "requires": {
        "sprintf-js": "~1.0.2"
      }
    },
    "custom-card-helpers": {
      "version": "1.6.6",
      "resolved": "https://packages.atlassian.com/api/npm/npm-remote/custom-card-helpers/-/custom-card-helpers-1.6.6.tgz",
      "integrity": "sha1-ZtmtJTHGaZXo4hg05n3kDV/B1Qo=",
      "requires": {
        "fecha": "^4.2.0",
        "home-assistant-js-websocket": "^5.1.0",
        "intl-messageformat": "^8.3.9",
        "lit-element": "^2.3.1",
        "rollup": "^2.7.6",
        "superstruct": "^0.8.3",
        "typescript": "^3.8.3"
      }
    },
    "debounce": {
      "version": "1.2.0",
      "resolved": "https://registry.npmjs.org/debounce/-/debounce-1.2.0.tgz",
      "integrity": "sha512-mYtLl1xfZLi1m4RtQYlZgJUNQjl4ZxVnHzIR8nLLgi4q1YT8o/WM+MK/f8yfcc9s5Ir5zRaPZyZU6xs1Syoocg=="
    },
    "esprima": {
      "version": "4.0.1",
      "resolved": "https://registry.npmjs.org/esprima/-/esprima-4.0.1.tgz",
      "integrity": "sha512-eGuFFw7Upda+g4p+QHvnW0RyTX/SVeJBDM/gCtMARO0cLuT2HcEKnTPvhjV6aGeqrCB/sbNop0Kszm0jsaWU4A=="
    },
    "fecha": {
      "version": "4.2.0",
      "resolved": "https://packages.atlassian.com/api/npm/npm-remote/fecha/-/fecha-4.2.0.tgz",
      "integrity": "sha1-P/tjlUU+Pz7/+FBATwpZtnR/X0E="
    },
    "fsevents": {
      "version": "2.1.3",
      "resolved": "https://packages.atlassian.com/api/npm/npm-remote/fsevents/-/fsevents-2.1.3.tgz",
      "integrity": "sha1-+3OHA66NL5/pAMM4Nt3r7ouX8j4=",
      "optional": true
    },
    "ha-floorplan": {
      "version": "https://github.com/ExperienceLovelace/ha-floorplan/archive/1.0.10.tar.gz",
      "integrity": "sha512-8H147FG9JRVp0EDD9W+NLL9i1gMKf+9GdBGM2gqTV/SGn46fywR7LY88lwr26PkHWA5D1VIbwA1u9qssu67ZpA==",
      "requires": {
        "debounce": "^1.2.0",
        "highlight.js": "^10.4.1",
        "home-assistant-js-websocket": "^5.7.0",
        "js-yaml": "^3.14.0",
        "lit-element": "^2.4.0",
        "oui-dom-events": "^0.2.2",
        "superstruct": "^0.13.1"
      },
      "dependencies": {
        "superstruct": {
          "version": "0.13.3",
          "resolved": "https://registry.npmjs.org/superstruct/-/superstruct-0.13.3.tgz",
          "integrity": "sha512-WN4hbity6l+gt5/Nb4jcxJLPk8OUHRG11NJRw4WVUUkgu0t8+HjyHelKtPNybSq2ziPoWLRAY2XisuNh9Pw5KA=="
        }
      }
    },
    "highlight.js": {
      "version": "10.5.0",
      "resolved": "https://registry.npmjs.org/highlight.js/-/highlight.js-10.5.0.tgz",
      "integrity": "sha512-xTmvd9HiIHR6L53TMC7TKolEj65zG1XU+Onr8oi86mYa+nLcIbxTTWkpW7CsEwv/vK7u1zb8alZIMLDqqN6KTw=="
    },
    "home-assistant-js-websocket": {
      "version": "5.7.0",
      "resolved": "https://packages.atlassian.com/api/npm/npm-remote/home-assistant-js-websocket/-/home-assistant-js-websocket-5.7.0.tgz",
      "integrity": "sha1-AZgLf81JoQrlzkhrmtzyb+4IvRM="
    },
    "intl-format-cache": {
      "version": "4.3.1",
      "resolved": "https://packages.atlassian.com/api/npm/npm-remote/intl-format-cache/-/intl-format-cache-4.3.1.tgz",
      "integrity": "sha1-SE0xqYchYebAITk0myWaYimt43c="
    },
    "intl-messageformat": {
      "version": "8.4.1",
      "resolved": "https://packages.atlassian.com/api/npm/npm-remote/intl-messageformat/-/intl-messageformat-8.4.1.tgz",
      "integrity": "sha1-8xyBHvxWFwC2GrTuRxa4cHh8D+U=",
      "requires": {
        "intl-format-cache": "^4.2.43",
        "intl-messageformat-parser": "^5.2.1"
      }
    },
    "intl-messageformat-parser": {
      "version": "5.4.2",
      "resolved": "https://packages.atlassian.com/api/npm/npm-remote/intl-messageformat-parser/-/intl-messageformat-parser-5.4.2.tgz",
      "integrity": "sha1-2LEGRYeYzNgeedjVLG+X86QSQ1Y=",
      "requires": {
        "@formatjs/intl-numberformat": "^5.5.0"
      }
    },
    "js-yaml": {
      "version": "3.14.1",
      "resolved": "https://registry.npmjs.org/js-yaml/-/js-yaml-3.14.1.tgz",
      "integrity": "sha512-okMH7OXXJ7YrN9Ok3/SXrnu4iX9yOk+25nqX4imS2npuvTYDmo/QEZoqwZkYaIDk3jVvBOTOIEgEhaLOynBS9g==",
      "requires": {
        "argparse": "^1.0.7",
        "esprima": "^4.0.0"
      }
    },
    "kind-of": {
      "version": "6.0.3",
      "resolved": "https://packages.atlassian.com/api/npm/npm-remote/kind-of/-/kind-of-6.0.3.tgz",
      "integrity": "sha1-B8BQNKbDSfoG4k+jWqdttFgM5N0="
    },
    "lit-element": {
      "version": "2.4.0",
      "resolved": "https://packages.atlassian.com/api/npm/npm-remote/lit-element/-/lit-element-2.4.0.tgz",
      "integrity": "sha1-siYHoDeo/Aj1qAc23d9/P11AFFI=",
      "requires": {
        "lit-html": "^1.1.1"
      }
    },
    "lit-html": {
      "version": "1.3.0",
      "resolved": "https://packages.atlassian.com/api/npm/npm-remote/lit-html/-/lit-html-1.3.0.tgz",
      "integrity": "sha1-yA88xXk6bepsBxcr6QpwqyDlYDQ="
    },
    "oui-dom-events": {
      "version": "0.2.2",
      "resolved": "https://registry.npmjs.org/oui-dom-events/-/oui-dom-events-0.2.2.tgz",
      "integrity": "sha1-hIMoSvJyvnWsoO8FmZtMf8Yppd0="
    },
    "rollup": {
      "version": "2.36.1",
      "resolved": "https://packages.atlassian.com/api/npm/npm-remote/rollup/-/rollup-2.36.1.tgz",
      "integrity": "sha1-IXTwwlx7QA1XsFYo0Ocyx66NIXg=",
      "requires": {
        "fsevents": "~2.1.2"
      }
    },
    "sprintf-js": {
      "version": "1.0.3",
      "resolved": "https://registry.npmjs.org/sprintf-js/-/sprintf-js-1.0.3.tgz",
      "integrity": "sha1-BOaSb2YolTVPPdAVIDYzuFcpfiw="
    },
    "superstruct": {
      "version": "0.8.4",
      "resolved": "https://packages.atlassian.com/api/npm/npm-remote/superstruct/-/superstruct-0.8.4.tgz",
      "integrity": "sha1-R4oZZJ9rAsYxnAIETbah9YY8OR8=",
      "requires": {
        "kind-of": "^6.0.2",
        "tiny-invariant": "^1.0.6"
      }
    },
    "tiny-invariant": {
      "version": "1.1.0",
      "resolved": "https://packages.atlassian.com/api/npm/npm-remote/tiny-invariant/-/tiny-invariant-1.1.0.tgz",
      "integrity": "sha1-Y0xfjv3CdxS384bDXmdgmR0jCHU="
    },
    "tslib": {
      "version": "2.1.0",
      "resolved": "https://packages.atlassian.com/api/npm/npm-remote/tslib/-/tslib-2.1.0.tgz",
      "integrity": "sha1-2mCGDxwuyqVwOrfTm8Bba/mIuXo="
    },
    "typescript": {
      "version": "3.9.7",
      "resolved": "https://packages.atlassian.com/api/npm/npm-remote/typescript/-/typescript-3.9.7.tgz",
      "integrity": "sha1-mNYApevcOPQMsndSLxLcgA6eJfo="
    },
    "vacuum-card": {
      "version": "1.13.0",
      "resolved": "https://packages.atlassian.com/api/npm/npm-remote/vacuum-card/-/vacuum-card-1.13.0.tgz",
      "integrity": "sha1-QZKplrZgeGxQqdlqsATcKmo5uCc=",
      "requires": {
        "custom-card-helpers": "^1.6.4",
        "lit-element": "^2.3.1"
      }
    }
  }
}
